
Microsoft Visual Studio Solution File, Format Version 12.00
# Visual Studio Version 16
VisualStudioVersion = 16.0.29920.165
MinimumVisualStudioVersion = 10.0.40219.1
Project("{FAE04EC0-301F-11D3-BF4B-00C04F79EFBC}") = "House Size", "House Size\House Size.csproj", "{2C5F53CB-104B-4B92-B8E7-92B8602FFECA}"
EndProject
Global
	GlobalSection(SolutionConfigurationPlatforms) = preSolution
		Debug|Any CPU = Debug|Any CPU
		Release|Any CPU = Release|Any CPU
	EndGlobalSection
	GlobalSection(ProjectConfigurationPlatforms) = postSolution
		{2C5F53CB-104B-4B92-B8E7-92B8602FFECA}.Debug|Any CPU.ActiveCfg = Debug|Any CPU
		{2C5F53CB-104B-4B92-B8E7-92B8602FFECA}.Debug|Any CPU.Build.0 = Debug|Any CPU
		{2C5F53CB-104B-4B92-B8E7-92B8602FFECA}.Release|Any CPU.ActiveCfg = Release|Any CPU
		{2C5F53CB-104B-4B92-B8E7-92B8602FFECA}.Release|Any CPU.Build.0 = Release|Any CPU
	EndGlobalSection
	GlobalSection(SolutionProperties) = preSolution
		HideSolutionNode = FALSE
	EndGlobalSection
	GlobalSection(ExtensibilityGlobals) = postSolution
		SolutionGuid = {D435D12E-CFDC-4C52-89C5-469BBDFC2A6D}
	EndGlobalSection
EndGlobal
